// !$*UTF8*$!
{
	archiveVersion = 1;
	classes = {
	};
	objectVersion = 46;
	objects = {

/* Begin PBXBuildFile section */
		330BA3881E31F8C5006009D4 /* main.m in Sources */ = {isa = PBXBuildFile; fileRef = 330BA3871E31F8C5006009D4 /* main.m */; };
		330BA38B1E31F8C5006009D4 /* AppDelegate.m in Sources */ = {isa = PBXBuildFile; fileRef = 330BA38A1E31F8C5006009D4 /* AppDelegate.m */; };
		330BA38E1E31F8C5006009D4 /* ViewController.m in Sources */ = {isa = PBXBuildFile; fileRef = 330BA38D1E31F8C5006009D4 /* ViewController.m */; };
		330BA3911E31F8C5006009D4 /* Main.storyboard in Resources */ = {isa = PBXBuildFile; fileRef = 330BA38F1E31F8C5006009D4 /* Main.storyboard */; };
		330BA3931E31F8C5006009D4 /* Assets.xcassets in Resources */ = {isa = PBXBuildFile; fileRef = 330BA3921E31F8C5006009D4 /* Assets.xcassets */; };
		330BA3961E31F8C5006009D4 /* LaunchScreen.storyboard in Resources */ = {isa = PBXBuildFile; fileRef = 330BA3941E31F8C5006009D4 /* LaunchScreen.storyboard */; };
/* End PBXBuildFile section */

/* Begin PBXFileReference section */
		330BA3831E31F8C5006009D4 /* iOSImage.app */ = {isa = PBXFileReference; explicitFileType = wrapper.application; includeInIndex = 0; path = iOSImage.app; sourceTree = BUILT_PRODUCTS_DIR; };
		330BA3871E31F8C5006009D4 /* main.m */ = {isa = PBXFileReference; lastKnownFileType = sourcecode.c.objc; path = main.m; sourceTree = "<group>"; };
		330BA3891E31F8C5006009D4 /* AppDelegate.h */ = {isa = PBXFileReference; lastKnownFileType = sourcecode.c.h; path = AppDelegate.h; sourceTree = "<group>"; };
		330BA38A1E31F8C5006009D4 /* AppDelegate.m */ = {isa = PBXFileReference; lastKnownFileType = sourcecode.c.objc; path = AppDelegate.m; sourceTree = "<group>"; };
		330BA38C1E31F8C5006009D4 /* ViewController.h */ = {isa = PBXFileReference; lastKnownFileType = sourcecode.c.h; path = ViewController.h; sourceTree = "<group>"; };
		330BA38D1E31F8C5006009D4 /* ViewController.m */ = {isa = PBXFileReference; lastKnownFileType = sourcecode.c.objc; path = ViewController.m; sourceTree = "<group>"; };
		330BA3901E31F8C5006009D4 /* Base */ = {isa = PBXFileReference; lastKnownFileType = file.storyboard; name = Base; path = Base.lproj/Main.storyboard; sourceTree = "<group>"; };
		330BA3921E31F8C5006009D4 /* Assets.xcassets */ = {isa = PBXFileReference; lastKnownFileType = folder.assetcatalog; path = Assets.xcassets; sourceTree = "<group>"; };
		330BA3951E31F8C5006009D4 /* Base */ = {isa = PBXFileReference; lastKnownFileType = file.storyboard; name = Base; path = Base.lproj/LaunchScreen.storyboard; sourceTree = "<group>"; };
		330BA3971E31F8C6006009D4 /* Info.plist */ = {isa = PBXFileReference; lastKnownFileType = text.plist.xml; path = Info.plist; sourceTree = "<group>"; };
/* End PBXFileReference section */

/* Begin PBXFrameworksBuildPhase section */
		330BA3801E31F8C5006009D4 /* Frameworks */ = {
			isa = PBXFrameworksBuildPhase;
			buildActionMask = 2147483647;
			files = (
			);
			runOnlyForDeploymentPostprocessing = 0;
		};
/* End PBXFrameworksBuildPhase section */

/* Begin PBXGroup section */
		330BA37A1E31F8C5006009D4 = {
			isa = PBXGroup;
			children = (
				330BA3851E31F8C5006009D4 /* iOSImage */,
				330BA3841E31F8C5006009D4 /* Products */,
			);
			sourceTree = "<group>";
		};
		330BA3841E31F8C5006009D4 /* Products */ = {
			isa = PBXGroup;
			children = (
				330BA3831E31F8C5006009D4 /* iOSImage.app */,
			);
			name = Products;
			sourceTree = "<group>";
		};
		330BA3851E31F8C5006009D4 /* iOSImage */ = {
			isa = PBXGroup;
			children = (
				330BA3891E31F8C5006009D4 /* AppDelegate.h */,
				330BA38A1E31F8C5006009D4 /* AppDelegate.m */,
				330BA38C1E31F8C5006009D4 /* ViewController.h */,
				330BA38D1E31F8C5006009D4 /* ViewController.m */,
				330BA38F1E31F8C5006009D4 /* Main.storyboard */,
				330BA3921E31F8C5006009D4 /* Assets.xcassets */,
				330BA3941E31F8C5006009D4 /* LaunchScreen.storyboard */,
				330BA3971E31F8C6006009D4 /* Info.plist */,
				330BA3861E31F8C5006009D4 /* Supporting Files */,
			);
			path = iOSImage;
			sourceTree = "<group>";
		};
		330BA3861E31F8C5006009D4 /* Supporting Files */ = {
			isa = PBXGroup;
			children = (
				330BA3871E31F8C5006009D4 /* main.m */,
			);
			name = "Supporting Files";
			sourceTree = "<group>";
		};
/* End PBXGroup section */

/* Begin PBXNativeTarget section */
		330BA3821E31F8C5006009D4 /* iOSImage */ = {
			isa = PBXNativeTarget;
			buildConfigurationList = 330BA39A1E31F8C6006009D4 /* Build configuration list for PBXNativeTarget "iOSImage" */;
			buildPhases = (
				330BA37F1E31F8C5006009D4 /* Sources */,
				330BA3801E31F8C5006009D4 /* Frameworks */,
				330BA3811E31F8C5006009D4 /* Resources */,
			);
			buildRules = (
			);
			dependencies = (
			);
			name = iOSImage;
			productName = iOSImage;
			productReference = 330BA3831E31F8C5006009D4 /* iOSImage.app */;
			productType = "com.apple.product-type.application";
		};
/* End PBXNativeTarget section */

/* Begin PBXProject section */
		330BA37B1E31F8C5006009D4 /* Project object */ = {
			isa = PBXProject;
			attributes = {
				LastUpgradeCheck = 0810;
				ORGANIZATIONNAME = com.tb;
				TargetAttributes = {
					330BA3821E31F8C5006009D4 = {
						CreatedOnToolsVersion = 8.1;
						DevelopmentTeam = X83RV73JD2;
						ProvisioningStyle = Automatic;
					};
				};
			};
			buildConfigurationList = 330BA37E1E31F8C5006009D4 /* Build configuration list for PBXProject "iOSImage" */;
			compatibilityVersion = "Xcode 3.2";
			developmentRegion = English;
			hasScannedForEncodings = 0;
			knownRegions = (
				en,
				Base,
			);
			mainGroup = 330BA37A1E31F8C5006009D4;
			productRefGroup = 330BA3841E31F8C5006009D4 /* Products */;
			projectDirPath = "";
			projectRoot = "";
			targets = (
				330BA3821E31F8C5006009D4 /* iOSImage */,
			);
		};
/* End PBXProject section */

/* Begin PBXResourcesBuildPhase section */
		330BA3811E31F8C5006009D4 /* Resources */ = {
			isa = PBXResourcesBuildPhase;
			buildActionMask = 2147483647;
			files = (
				330BA3961E31F8C5006009D4 /* LaunchScreen.storyboard in Resources */,
				330BA3931E31F8C5006009D4 /* Assets.xcassets in Resources */,
				330BA3911E31F8C5006009D4 /* Main.storyboard in Resources */,
			);
			runOnlyForDeploymentPostprocessing = 0;
		};
/* End PBXResourcesBuildPhase section */

/* Begin PBXSourcesBuildPhase section */
		330BA37F1E31F8C5006009D4 /* Sources */ = {
			isa = PBXSourcesBuildPhase;
			buildActionMask = 2147483647;
			files = (
				330BA38E1E31F8C5006009D4 /* ViewController.m in Sources */,
				330BA38B1E31F8C5006009D4 /* AppDelegate.m in Sources */,
				330BA3881E31F8C5006009D4 /* main.m in Sources */,
			);
			runOnlyForDeploymentPostprocessing = 0;
		};
/* End PBXSourcesBuildPhase section */

/* Begin PBXVariantGroup section */
		330BA38F1E31F8C5006009D4 /* Main.storyboard */ = {
			isa = PBXVariantGroup;
			children = (
				330BA3901E31F8C5006009D4 /* Base */,
			);
			name = Main.storyboard;
			sourceTree = "<group>";
		};
		330BA3941E31F8C5006009D4 /* LaunchScreen.storyboard */ = {
			isa = PBXVariantGroup;
			children = (
				330BA3951E31F8C5006009D4 /* Base */,
			);
			name = LaunchScreen.storyboard;
			sourceTree = "<group>";
		};
/* End PBXVariantGroup section */

/* Begin XCBuildConfiguration section */
		330BA3981E31F8C6006009D4 /* Debug */ = {
			isa = XCBuildConfiguration;
			buildSettings = {
				ALWAYS_SEARCH_USER_PATHS = NO;
				CLANG_ANALYZER_NONNULL = YES;
				CLANG_CXX_LANGUAGE_STANDARD = "gnu++0x";
				CLANG_CXX_LIBRARY = "libc++";
				CLANG_ENABLE_MODULES = YES;
				CLANG_ENABLE_OBJC_ARC = YES;
				CLANG_WARN_BOOL_CONVERSION = YES;
				CLANG_WARN_CONSTANT_CONVERSION = YES;
				CLANG_WARN_DIRECT_OBJC_ISA_USAGE = YES_ERROR;
				CLANG_WARN_DOCUMENTATION_COMMENTS = YES;
				CLANG_WARN_EMPTY_BODY = YES;
				CLANG_WARN_ENUM_CONVERSION = YES;
				CLANG_WARN_INFINITE_RECURSION = YES;
				CLANG_WARN_INT_CONVERSION = YES;
				CLANG_WARN_OBJC_ROOT_CLASS = YES_ERROR;
				CLANG_WARN_SUSPICIOUS_MOVES = YES;
				CLANG_WARN_UNREACHABLE_CODE = YES;
				CLANG_WARN__DUPLICATE_METHOD_MATCH = YES;
				"CODE_SIGN_IDENTITY[sdk=iphoneos*]" = "iPhone Developer";
				COPY_PHASE_STRIP = NO;
				DEBUG_INFORMATION_FORMAT = dwarf;
				ENABLE_STRICT_OBJC_MSGSEND = YES;
				ENABLE_TESTABILITY = YES;
				GCC_C_LANGUAGE_STANDARD = gnu99;
				GCC_DYNAMIC_NO_PIC = NO;
				GCC_NO_COMMON_BLOCKS = YES;
				GCC_OPTIMIZATION_LEVEL = 0;
				GCC_PREPROCESSOR_DEFINITIONS = (
					"DEBUG=1",
					"$(inherited)",
				);
				GCC_WARN_64_TO_32_BIT_CONVERSION = YES;
				GCC_WARN_ABOUT_RETURN_TYPE = YES_ERROR;
				GCC_WARN_UNDECLARED_SELECTOR = YES;
				GCC_WARN_UNINITIALIZED_AUTOS = YES_AGGRESSIVE;
				GCC_WARN_UNUSED_FUNCTION = YES;
				GCC_WARN_UNUSED_VARIABLE = YES;
				IPHONEOS_DEPLOYMENT_TARGET = 9.0;
				MTL_ENABLE_DEBUG_INFO = YES;
				ONLY_ACTIVE_ARCH = YES;
				SDKROOT = iphoneos;
			};
			name = Debug;
		};
		330BA3991E31F8C6006009D4 /* Release */ = {
			isa = XCBuildConfiguration;
			buildSettings = {
				ALWAYS_SEARCH_USER_PATHS = NO;
				CLANG_ANALYZER_NONNULL = YES;
				CLANG_CXX_LANGUAGE_STANDARD = "gnu++0x";
				CLANG_CXX_LIBRARY = "libc++";
				CLANG_ENABLE_MODULES = YES;
				CLANG_ENABLE_OBJC_ARC = YES;
				CLANG_WARN_BOOL_CONVERSION = YES;
				CLANG_WARN_CONSTANT_CONVERSION = YES;
				CLANG_WARN_DIRECT_OBJC_ISA_USAGE = YES_ERROR;
				CLANG_WARN_DOCUMENTATION_COMMENTS = YES;
				CLANG_WARN_EMPTY_BODY = YES;
				CLANG_WARN_ENUM_CONVERSION = YES;
				CLANG_WARN_INFINITE_RECURSION = YES;
				CLANG_WARN_INT_CONVERSION = YES;
				CLANG_WARN_OBJC_ROOT_CLASS = YES_ERROR;
				CLANG_WARN_SUSPICIOUS_MOVES = YES;
				CLANG_WARN_UNREACHABLE_CODE = YES;
				CLANG_WARN__DUPLICATE_METHOD_MATCH = YES;
				"CODE_SIGN_IDENTITY[sdk=iphoneos*]" = "iPhone Developer";
				COPY_PHASE_STRIP = NO;
				DEBUG_INFORMATION_FORMAT = "dwarf-with-dsym";
				ENABLE_NS_ASSERTIONS = NO;
				ENABLE_STRICT_OBJC_MSGSEND = YES;
				GCC_C_LANGUAGE_STANDARD = gnu99;
				GCC_NO_COMMON_BLOCKS = YES;
				GCC_WARN_64_TO_32_BIT_CONVERSION = YES;
				GCC_WARN_ABOUT_RETURN_TYPE = YES_ERROR;
				GCC_WARN_UNDECLARED_SELECTOR = YES;
				GCC_WARN_UNINITIALIZED_AUTOS = YES_AGGRESSIVE;
				GCC_WARN_UNUSED_FUNCTION = YES;
				GCC_WARN_UNUSED_VARIABLE = YES;
				IPHONEOS_DEPLOYMENT_TARGET = 9.0;
				MTL_ENABLE_DEBUG_INFO = NO;
				SDKROOT = iphoneos;
				VALIDATE_PRODUCT = YES;
			};
			name = Release;
		};
		330BA39B1E31F8C6006009D4 /* Debug */ = {
			isa = XCBuildConfiguration;
			buildSettings = {
				ASSETCATALOG_COMPILER_APPICON_NAME = AppIcon;
				DEVELOPMENT_TEAM = X83RV73JD2;
				INFOPLIST_FILE = iOSImage/Info.plist;
				LD_RUNPATH_SEARCH_PATHS = "$(inherited) @executable_path/Frameworks";
				PRODUCT_BUNDLE_IDENTIFIER = com.tb.iOSImage;
				PRODUCT_NAME = "$(TARGET_NAME)";
			};
			name = Debug;
		};
		330BA39C1E31F8C6006009D4 /* Release */ = {
			isa = XCBuildConfiguration;
			buildSettings = {
				ASSETCATALOG_COMPILER_APPICON_NAME = AppIcon;
				DEVELOPMENT_TEAM = X83RV73JD2;
				INFOPLIST_FILE = iOSImage/Info.plist;
				LD_RUNPATH_SEARCH_PATHS = "$(inherited) @executable_path/Frameworks";
				PRODUCT_BUNDLE_IDENTIFIER = com.tb.iOSImage;
				PRODUCT_NAME = "$(TARGET_NAME)";
			};
			name = Release;
		};
/* End XCBuildConfiguration section */

/* Begin XCConfigurationList section */
		330BA37E1E31F8C5006009D4 /* Build configuration list for PBXProject "iOSImage" */ = {
			isa = XCConfigurationList;
			buildConfigurations = (
				330BA3981E31F8C6006009D4 /* Debug */,
				330BA3991E31F8C6006009D4 /* Release */,
			);
			defaultConfigurationIsVisible = 0;
			defaultConfigurationName = Release;
		};
		330BA39A1E31F8C6006009D4 /* Build configuration list for PBXNativeTarget "iOSImage" */ = {
			isa = XCConfigurationList;
			buildConfigurations = (
				330BA39B1E31F8C6006009D4 /* Debug */,
				330BA39C1E31F8C6006009D4 /* Release */,
			);
			defaultConfigurationIsVisible = 0;
		};
/* End XCConfigurationList section */
	};
	rootObject = 330BA37B1E31F8C5006009D4 /* Project object */;
}
